
Microsoft Visual Studio Solution File, Format Version 12.00
# Visual Studio 15
VisualStudioVersion = 15.0.28307.168
MinimumVisualStudioVersion = 10.0.40219.1
Project("{FAE04EC0-301F-11D3-BF4B-00C04F79EFBC}") = "MqttChatClient.Android", "MqttChatClient\MqttChatClient.Android\MqttChatClient.Android.csproj", "{406663D7-B754-4DD1-9F12-E9DC359B0F94}"
EndProject
Project("{FAE04EC0-301F-11D3-BF4B-00C04F79EFBC}") = "MqttChatClient", "MqttChatClient\MqttChatClient\MqttChatClient.csproj", "{17884644-3B91-4B0F-B025-7E71EACB2B39}"
EndProject
Global
	GlobalSection(SolutionConfigurationPlatforms) = preSolution
		Debug|Any CPU = Debug|Any CPU
		Release|Any CPU = Release|Any CPU
	EndGlobalSection
	GlobalSection(ProjectConfigurationPlatforms) = postSolution
		{406663D7-B754-4DD1-9F12-E9DC359B0F94}.Debug|Any CPU.ActiveCfg = Debug|Any CPU
		{406663D7-B754-4DD1-9F12-E9DC359B0F94}.Debug|Any CPU.Build.0 = Debug|Any CPU
		{406663D7-B754-4DD1-9F12-E9DC359B0F94}.Debug|Any CPU.Deploy.0 = Debug|Any CPU
		{406663D7-B754-4DD1-9F12-E9DC359B0F94}.Release|Any CPU.ActiveCfg = Release|Any CPU
		{406663D7-B754-4DD1-9F12-E9DC359B0F94}.Release|Any CPU.Build.0 = Release|Any CPU
		{406663D7-B754-4DD1-9F12-E9DC359B0F94}.Release|Any CPU.Deploy.0 = Release|Any CPU
		{17884644-3B91-4B0F-B025-7E71EACB2B39}.Debug|Any CPU.ActiveCfg = Debug|Any CPU
		{17884644-3B91-4B0F-B025-7E71EACB2B39}.Debug|Any CPU.Build.0 = Debug|Any CPU
		{17884644-3B91-4B0F-B025-7E71EACB2B39}.Debug|Any CPU.Deploy.0 = Debug|Any CPU
		{17884644-3B91-4B0F-B025-7E71EACB2B39}.Release|Any CPU.ActiveCfg = Release|Any CPU
		{17884644-3B91-4B0F-B025-7E71EACB2B39}.Release|Any CPU.Build.0 = Release|Any CPU
		{17884644-3B91-4B0F-B025-7E71EACB2B39}.Release|Any CPU.Deploy.0 = Release|Any CPU
	EndGlobalSection
	GlobalSection(SolutionProperties) = preSolution
		HideSolutionNode = FALSE
	EndGlobalSection
	GlobalSection(ExtensibilityGlobals) = postSolution
		SolutionGuid = {2BCB12B5-2F4E-4F93-8190-6863B69155F8}
	EndGlobalSection
EndGlobal
